// !$*UTF8*$!
{
	archiveVersion = 1;
	classes = {
	};
	objectVersion = 55;
	objects = {

/* Begin PBXBuildFile section */
		DE0665872718A589003EAA96 /* SettingsTab.swift in Sources */ = {isa = PBXBuildFile; fileRef = DE0665862718A589003EAA96 /* SettingsTab.swift */; };
		DE0665892718A5D9003EAA96 /* HomeTab.swift in Sources */ = {isa = PBXBuildFile; fileRef = DE0665882718A5D9003EAA96 /* HomeTab.swift */; };
		DE06658B2718A5FB003EAA96 /* TabBar.swift in Sources */ = {isa = PBXBuildFile; fileRef = DE06658A2718A5FB003EAA96 /* TabBar.swift */; };
		DE0665922718A715003EAA96 /* TabButton.swift in Sources */ = {isa = PBXBuildFile; fileRef = DE0665912718A715003EAA96 /* TabButton.swift */; };
		DE0665942718C333003EAA96 /* IconButton.swift in Sources */ = {isa = PBXBuildFile; fileRef = DE0665932718C333003EAA96 /* IconButton.swift */; };
		DE0665962718C3CE003EAA96 /* HistoryCell.swift in Sources */ = {isa = PBXBuildFile; fileRef = DE0665952718C3CE003EAA96 /* HistoryCell.swift */; };
		DE0665982718C66F003EAA96 /* NSPasteboard_extension.swift in Sources */ = {isa = PBXBuildFile; fileRef = DE0665972718C66F003EAA96 /* NSPasteboard_extension.swift */; };
		DE0665992718C6DE003EAA96 /* NSPasteboard_extension.swift in Sources */ = {isa = PBXBuildFile; fileRef = DE0665972718C66F003EAA96 /* NSPasteboard_extension.swift */; };
		DE06659C2718CD02003EAA96 /* URLManager.swift in Sources */ = {isa = PBXBuildFile; fileRef = DE06659B2718CD02003EAA96 /* URLManager.swift */; };
		DE14FD5B271190B20077CCF7 /* UserDefaults_extension.swift in Sources */ = {isa = PBXBuildFile; fileRef = DE14FD5A271190B20077CCF7 /* UserDefaults_extension.swift */; };
		DE14FD5C271190B20077CCF7 /* UserDefaults_extension.swift in Sources */ = {isa = PBXBuildFile; fileRef = DE14FD5A271190B20077CCF7 /* UserDefaults_extension.swift */; };
		DE66144927183906008A0333 /* Assets.xcassets in Resources */ = {isa = PBXBuildFile; fileRef = DED9283B2710F9C90058C961 /* Assets.xcassets */; };
		DE66144B271839A8008A0333 /* Color_extension.swift in Sources */ = {isa = PBXBuildFile; fileRef = DE66144A271839A8008A0333 /* Color_extension.swift */; };
		DE66144C27183E86008A0333 /* Color_extension.swift in Sources */ = {isa = PBXBuildFile; fileRef = DE66144A271839A8008A0333 /* Color_extension.swift */; };
		DE66144D27183F6E008A0333 /* RowButton.swift in Sources */ = {isa = PBXBuildFile; fileRef = DED9284E2710FFBB0058C961 /* RowButton.swift */; };
		DE8DD3BC2714AD5A0091131B /* ShareView.swift in Sources */ = {isa = PBXBuildFile; fileRef = DE8DD3BB2714AD480091131B /* ShareView.swift */; };
		DED9283A2710F9C70058C961 /* ContentView.swift in Sources */ = {isa = PBXBuildFile; fileRef = DED928392710F9C70058C961 /* ContentView.swift */; };
		DED9283C2710F9C90058C961 /* Assets.xcassets in Resources */ = {isa = PBXBuildFile; fileRef = DED9283B2710F9C90058C961 /* Assets.xcassets */; };
		DED9283F2710F9C90058C961 /* Preview Assets.xcassets in Resources */ = {isa = PBXBuildFile; fileRef = DED9283E2710F9C90058C961 /* Preview Assets.xcassets */; };
		DED928472710F9E20058C961 /* AppDelegate.swift in Sources */ = {isa = PBXBuildFile; fileRef = DED928462710F9E20058C961 /* AppDelegate.swift */; };
		DED9284C2710FC210058C961 /* main.swift in Sources */ = {isa = PBXBuildFile; fileRef = DED9284B2710FC210058C961 /* main.swift */; };
		DED9284F2710FFBB0058C961 /* RowButton.swift in Sources */ = {isa = PBXBuildFile; fileRef = DED9284E2710FFBB0058C961 /* RowButton.swift */; };
		DEE9095127110C0F002DB828 /* icon.icns in Resources */ = {isa = PBXBuildFile; fileRef = DEE9095027110C0F002DB828 /* icon.icns */; };
		DEE9095327110C0F002DB828 /* ShareViewController.swift in Sources */ = {isa = PBXBuildFile; fileRef = DEE9095227110C0F002DB828 /* ShareViewController.swift */; };
		DEE9095627110C0F002DB828 /* ShareViewController.xib in Resources */ = {isa = PBXBuildFile; fileRef = DEE9095427110C0F002DB828 /* ShareViewController.xib */; };
		DEE9095B27110C0F002DB828 /* Copy BoxFinder link.appex in Embed App Extensions */ = {isa = PBXBuildFile; fileRef = DEE9094E27110C0F002DB828 /* Copy BoxFinder link.appex */; settings = {ATTRIBUTES = (RemoveHeadersOnCopy, ); }; };
/* End PBXBuildFile section */

/* Begin PBXContainerItemProxy section */
		DEE9095927110C0F002DB828 /* PBXContainerItemProxy */ = {
			isa = PBXContainerItemProxy;
			containerPortal = DED9282C2710F9C70058C961 /* Project object */;
			proxyType = 1;
			remoteGlobalIDString = DEE9094D27110C0F002DB828;
			remoteInfo = BoxFinderShare;
		};
/* End PBXContainerItemProxy section */

/* Begin PBXCopyFilesBuildPhase section */
		DEE9095C27110C0F002DB828 /* Embed App Extensions */ = {
			isa = PBXCopyFilesBuildPhase;
			buildActionMask = 2147483647;
			dstPath = "";
			dstSubfolderSpec = 13;
			files = (
				DEE9095B27110C0F002DB828 /* Copy BoxFinder link.appex in Embed App Extensions */,
			);
			name = "Embed App Extensions";
			runOnlyForDeploymentPostprocessing = 0;
		};
/* End PBXCopyFilesBuildPhase section */

/* Begin PBXFileReference section */
		DE0665862718A589003EAA96 /* SettingsTab.swift */ = {isa = PBXFileReference; lastKnownFileType = sourcecode.swift; path = SettingsTab.swift; sourceTree = "<group>"; };
		DE0665882718A5D9003EAA96 /* HomeTab.swift */ = {isa = PBXFileReference; lastKnownFileType = sourcecode.swift; path = HomeTab.swift; sourceTree = "<group>"; };
		DE06658A2718A5FB003EAA96 /* TabBar.swift */ = {isa = PBXFileReference; lastKnownFileType = sourcecode.swift; path = TabBar.swift; sourceTree = "<group>"; };
		DE0665912718A715003EAA96 /* TabButton.swift */ = {isa = PBXFileReference; lastKnownFileType = sourcecode.swift; path = TabButton.swift; sourceTree = "<group>"; };
		DE0665932718C333003EAA96 /* IconButton.swift */ = {isa = PBXFileReference; lastKnownFileType = sourcecode.swift; path = IconButton.swift; sourceTree = "<group>"; };
		DE0665952718C3CE003EAA96 /* HistoryCell.swift */ = {isa = PBXFileReference; lastKnownFileType = sourcecode.swift; path = HistoryCell.swift; sourceTree = "<group>"; };
		DE0665972718C66F003EAA96 /* NSPasteboard_extension.swift */ = {isa = PBXFileReference; lastKnownFileType = sourcecode.swift; path = NSPasteboard_extension.swift; sourceTree = "<group>"; };
		DE06659B2718CD02003EAA96 /* URLManager.swift */ = {isa = PBXFileReference; lastKnownFileType = sourcecode.swift; path = URLManager.swift; sourceTree = "<group>"; };
		DE14FD5A271190B20077CCF7 /* UserDefaults_extension.swift */ = {isa = PBXFileReference; lastKnownFileType = sourcecode.swift; path = UserDefaults_extension.swift; sourceTree = "<group>"; };
		DE66144A271839A8008A0333 /* Color_extension.swift */ = {isa = PBXFileReference; lastKnownFileType = sourcecode.swift; path = Color_extension.swift; sourceTree = "<group>"; };
		DE8DD3BB2714AD480091131B /* ShareView.swift */ = {isa = PBXFileReference; lastKnownFileType = sourcecode.swift; path = ShareView.swift; sourceTree = "<group>"; };
		DED928342710F9C70058C961 /* BoxFinder.app */ = {isa = PBXFileReference; explicitFileType = wrapper.application; includeInIndex = 0; path = BoxFinder.app; sourceTree = BUILT_PRODUCTS_DIR; };
		DED928392710F9C70058C961 /* ContentView.swift */ = {isa = PBXFileReference; lastKnownFileType = sourcecode.swift; path = ContentView.swift; sourceTree = "<group>"; };
		DED9283B2710F9C90058C961 /* Assets.xcassets */ = {isa = PBXFileReference; lastKnownFileType = folder.assetcatalog; path = Assets.xcassets; sourceTree = "<group>"; };
		DED9283E2710F9C90058C961 /* Preview Assets.xcassets */ = {isa = PBXFileReference; lastKnownFileType = folder.assetcatalog; path = "Preview Assets.xcassets"; sourceTree = "<group>"; };
		DED928402710F9C90058C961 /* BoxFinder.entitlements */ = {isa = PBXFileReference; lastKnownFileType = text.plist.entitlements; path = BoxFinder.entitlements; sourceTree = "<group>"; };
		DED928462710F9E20058C961 /* AppDelegate.swift */ = {isa = PBXFileReference; lastKnownFileType = sourcecode.swift; path = AppDelegate.swift; sourceTree = "<group>"; };
		DED928482710FAE60058C961 /* Info.plist */ = {isa = PBXFileReference; lastKnownFileType = text.plist; path = Info.plist; sourceTree = "<group>"; };
		DED9284B2710FC210058C961 /* main.swift */ = {isa = PBXFileReference; lastKnownFileType = sourcecode.swift; path = main.swift; sourceTree = "<group>"; };
		DED9284E2710FFBB0058C961 /* RowButton.swift */ = {isa = PBXFileReference; lastKnownFileType = sourcecode.swift; path = RowButton.swift; sourceTree = "<group>"; };
		DEE9094E27110C0F002DB828 /* Copy BoxFinder link.appex */ = {isa = PBXFileReference; explicitFileType = "wrapper.app-extension"; includeInIndex = 0; path = "Copy BoxFinder link.appex"; sourceTree = BUILT_PRODUCTS_DIR; };
		DEE9095027110C0F002DB828 /* icon.icns */ = {isa = PBXFileReference; lastKnownFileType = image.icns; path = icon.icns; sourceTree = "<group>"; };
		DEE9095227110C0F002DB828 /* ShareViewController.swift */ = {isa = PBXFileReference; lastKnownFileType = sourcecode.swift; path = ShareViewController.swift; sourceTree = "<group>"; };
		DEE9095527110C0F002DB828 /* Base */ = {isa = PBXFileReference; lastKnownFileType = file.xib; name = Base; path = Base.lproj/ShareViewController.xib; sourceTree = "<group>"; };
		DEE9095727110C0F002DB828 /* Info.plist */ = {isa = PBXFileReference; lastKnownFileType = text.plist.xml; path = Info.plist; sourceTree = "<group>"; };
		DEE9095827110C0F002DB828 /* BoxFinderShare.entitlements */ = {isa = PBXFileReference; lastKnownFileType = text.plist.entitlements; path = BoxFinderShare.entitlements; sourceTree = "<group>"; };
/* End PBXFileReference section */

/* Begin PBXFrameworksBuildPhase section */
		DED928312710F9C70058C961 /* Frameworks */ = {
			isa = PBXFrameworksBuildPhase;
			buildActionMask = 2147483647;
			files = (
			);
			runOnlyForDeploymentPostprocessing = 0;
		};
		DEE9094B27110C0F002DB828 /* Frameworks */ = {
			isa = PBXFrameworksBuildPhase;
			buildActionMask = 2147483647;
			files = (
			);
			runOnlyForDeploymentPostprocessing = 0;
		};
/* End PBXFrameworksBuildPhase section */

/* Begin PBXGroup section */
		DE06658C2718A68C003EAA96 /* Molecule */ = {
			isa = PBXGroup;
			children = (
				DE06658A2718A5FB003EAA96 /* TabBar.swift */,
				DED9284E2710FFBB0058C961 /* RowButton.swift */,
				DE0665952718C3CE003EAA96 /* HistoryCell.swift */,
			);
			path = Molecule;
			sourceTree = "<group>";
		};
		DE06658D2718A6A6003EAA96 /* Organism */ = {
			isa = PBXGroup;
			children = (
				DE0665882718A5D9003EAA96 /* HomeTab.swift */,
				DE0665862718A589003EAA96 /* SettingsTab.swift */,
			);
			path = Organism;
			sourceTree = "<group>";
		};
		DE06658E2718A6B7003EAA96 /* Page */ = {
			isa = PBXGroup;
			children = (
				DED928392710F9C70058C961 /* ContentView.swift */,
			);
			path = Page;
			sourceTree = "<group>";
		};
		DE0665902718A6CC003EAA96 /* Atom */ = {
			isa = PBXGroup;
			children = (
				DE0665912718A715003EAA96 /* TabButton.swift */,
				DE0665932718C333003EAA96 /* IconButton.swift */,
			);
			path = Atom;
			sourceTree = "<group>";
		};
		DE06659A2718CCF3003EAA96 /* Helpers */ = {
			isa = PBXGroup;
			children = (
				DE06659B2718CD02003EAA96 /* URLManager.swift */,
			);
			path = Helpers;
			sourceTree = "<group>";
		};
		DE14FD592711909F0077CCF7 /* Extensions */ = {
			isa = PBXGroup;
			children = (
				DE14FD5A271190B20077CCF7 /* UserDefaults_extension.swift */,
				DE66144A271839A8008A0333 /* Color_extension.swift */,
				DE0665972718C66F003EAA96 /* NSPasteboard_extension.swift */,
			);
			path = Extensions;
			sourceTree = "<group>";
		};
		DED9282B2710F9C70058C961 = {
			isa = PBXGroup;
			children = (
				DED928362710F9C70058C961 /* BoxFinder */,
				DEE9094F27110C0F002DB828 /* BoxFinderShare */,
				DED928352710F9C70058C961 /* Products */,
			);
			sourceTree = "<group>";
		};
		DED928352710F9C70058C961 /* Products */ = {
			isa = PBXGroup;
			children = (
				DED928342710F9C70058C961 /* BoxFinder.app */,
				DEE9094E27110C0F002DB828 /* Copy BoxFinder link.appex */,
			);
			name = Products;
			sourceTree = "<group>";
		};
		DED928362710F9C70058C961 /* BoxFinder */ = {
			isa = PBXGroup;
			children = (
				DE06659A2718CCF3003EAA96 /* Helpers */,
				DE14FD592711909F0077CCF7 /* Extensions */,
				DED9284D2710FFAF0058C961 /* Components */,
				DED928482710FAE60058C961 /* Info.plist */,
				DED9283B2710F9C90058C961 /* Assets.xcassets */,
				DED928402710F9C90058C961 /* BoxFinder.entitlements */,
				DED9283D2710F9C90058C961 /* Preview Content */,
				DED928462710F9E20058C961 /* AppDelegate.swift */,
				DED9284B2710FC210058C961 /* main.swift */,
			);
			path = BoxFinder;
			sourceTree = "<group>";
		};
		DED9283D2710F9C90058C961 /* Preview Content */ = {
			isa = PBXGroup;
			children = (
				DED9283E2710F9C90058C961 /* Preview Assets.xcassets */,
			);
			path = "Preview Content";
			sourceTree = "<group>";
		};
		DED9284D2710FFAF0058C961 /* Components */ = {
			isa = PBXGroup;
			children = (
				DE0665902718A6CC003EAA96 /* Atom */,
				DE06658C2718A68C003EAA96 /* Molecule */,
				DE06658D2718A6A6003EAA96 /* Organism */,
				DE06658E2718A6B7003EAA96 /* Page */,
			);
			path = Components;
			sourceTree = "<group>";
		};
		DEE9094F27110C0F002DB828 /* BoxFinderShare */ = {
			isa = PBXGroup;
			children = (
				DEE9095027110C0F002DB828 /* icon.icns */,
				DEE9095227110C0F002DB828 /* ShareViewController.swift */,
				DEE9095427110C0F002DB828 /* ShareViewController.xib */,
				DEE9095727110C0F002DB828 /* Info.plist */,
				DEE9095827110C0F002DB828 /* BoxFinderShare.entitlements */,
				DE8DD3BB2714AD480091131B /* ShareView.swift */,
			);
			path = BoxFinderShare;
			sourceTree = "<group>";
		};
/* End PBXGroup section */

/* Begin PBXNativeTarget section */
		DED928332710F9C70058C961 /* BoxFinder */ = {
			isa = PBXNativeTarget;
			buildConfigurationList = DED928432710F9C90058C961 /* Build configuration list for PBXNativeTarget "BoxFinder" */;
			buildPhases = (
				DED928302710F9C70058C961 /* Sources */,
				DED928312710F9C70058C961 /* Frameworks */,
				DED928322710F9C70058C961 /* Resources */,
				DEE9095C27110C0F002DB828 /* Embed App Extensions */,
			);
			buildRules = (
			);
			dependencies = (
				DEE9095A27110C0F002DB828 /* PBXTargetDependency */,
			);
			name = BoxFinder;
			productName = BoxFinder;
			productReference = DED928342710F9C70058C961 /* BoxFinder.app */;
			productType = "com.apple.product-type.application";
		};
		DEE9094D27110C0F002DB828 /* Copy BoxFinder link */ = {
			isa = PBXNativeTarget;
			buildConfigurationList = DEE9095F27110C0F002DB828 /* Build configuration list for PBXNativeTarget "Copy BoxFinder link" */;
			buildPhases = (
				DEE9094A27110C0F002DB828 /* Sources */,
				DEE9094B27110C0F002DB828 /* Frameworks */,
				DEE9094C27110C0F002DB828 /* Resources */,
			);
			buildRules = (
			);
			dependencies = (
			);
			name = "Copy BoxFinder link";
			productName = BoxFinderShare;
			productReference = DEE9094E27110C0F002DB828 /* Copy BoxFinder link.appex */;
			productType = "com.apple.product-type.app-extension";
		};
/* End PBXNativeTarget section */

/* Begin PBXProject section */
		DED9282C2710F9C70058C961 /* Project object */ = {
			isa = PBXProject;
			attributes = {
				BuildIndependentTargetsInParallel = 1;
				LastSwiftUpdateCheck = 1300;
				LastUpgradeCheck = 1300;
				TargetAttributes = {
					DED928332710F9C70058C961 = {
						CreatedOnToolsVersion = 13.0;
					};
					DEE9094D27110C0F002DB828 = {
						CreatedOnToolsVersion = 13.0;
					};
				};
			};
			buildConfigurationList = DED9282F2710F9C70058C961 /* Build configuration list for PBXProject "BoxFinder" */;
			compatibilityVersion = "Xcode 13.0";
			developmentRegion = en;
			hasScannedForEncodings = 0;
			knownRegions = (
				en,
				Base,
			);
			mainGroup = DED9282B2710F9C70058C961;
			productRefGroup = DED928352710F9C70058C961 /* Products */;
			projectDirPath = "";
			projectRoot = "";
			targets = (
				DED928332710F9C70058C961 /* BoxFinder */,
				DEE9094D27110C0F002DB828 /* Copy BoxFinder link */,
			);
		};
/* End PBXProject section */

/* Begin PBXResourcesBuildPhase section */
		DED928322710F9C70058C961 /* Resources */ = {
			isa = PBXResourcesBuildPhase;
			buildActionMask = 2147483647;
			files = (
				DED9283F2710F9C90058C961 /* Preview Assets.xcassets in Resources */,
				DED9283C2710F9C90058C961 /* Assets.xcassets in Resources */,
			);
			runOnlyForDeploymentPostprocessing = 0;
		};
		DEE9094C27110C0F002DB828 /* Resources */ = {
			isa = PBXResourcesBuildPhase;
			buildActionMask = 2147483647;
			files = (
				DEE9095627110C0F002DB828 /* ShareViewController.xib in Resources */,
				DE66144927183906008A0333 /* Assets.xcassets in Resources */,
				DEE9095127110C0F002DB828 /* icon.icns in Resources */,
			);
			runOnlyForDeploymentPostprocessing = 0;
		};
/* End PBXResourcesBuildPhase section */

/* Begin PBXSourcesBuildPhase section */
		DED928302710F9C70058C961 /* Sources */ = {
			isa = PBXSourcesBuildPhase;
			buildActionMask = 2147483647;
			files = (
				DE06658B2718A5FB003EAA96 /* TabBar.swift in Sources */,
				DE0665892718A5D9003EAA96 /* HomeTab.swift in Sources */,
				DE14FD5B271190B20077CCF7 /* UserDefaults_extension.swift in Sources */,
				DE0665982718C66F003EAA96 /* NSPasteboard_extension.swift in Sources */,
				DE0665922718A715003EAA96 /* TabButton.swift in Sources */,
				DED928472710F9E20058C961 /* AppDelegate.swift in Sources */,
				DED9283A2710F9C70058C961 /* ContentView.swift in Sources */,
				DE0665962718C3CE003EAA96 /* HistoryCell.swift in Sources */,
				DED9284F2710FFBB0058C961 /* RowButton.swift in Sources */,
				DED9284C2710FC210058C961 /* main.swift in Sources */,
				DE0665942718C333003EAA96 /* IconButton.swift in Sources */,
				DE66144B271839A8008A0333 /* Color_extension.swift in Sources */,
				DE0665872718A589003EAA96 /* SettingsTab.swift in Sources */,
				DE06659C2718CD02003EAA96 /* URLManager.swift in Sources */,
			);
			runOnlyForDeploymentPostprocessing = 0;
		};
		DEE9094A27110C0F002DB828 /* Sources */ = {
			isa = PBXSourcesBuildPhase;
			buildActionMask = 2147483647;
			files = (
				DE8DD3BC2714AD5A0091131B /* ShareView.swift in Sources */,
				DE14FD5C271190B20077CCF7 /* UserDefaults_extension.swift in Sources */,
				DEE9095327110C0F002DB828 /* ShareViewController.swift in Sources */,
				DE0665992718C6DE003EAA96 /* NSPasteboard_extension.swift in Sources */,
				DE66144D27183F6E008A0333 /* RowButton.swift in Sources */,
				DE66144C27183E86008A0333 /* Color_extension.swift in Sources */,
			);
			runOnlyForDeploymentPostprocessing = 0;
		};
/* End PBXSourcesBuildPhase section */

/* Begin PBXTargetDependency section */
		DEE9095A27110C0F002DB828 /* PBXTargetDependency */ = {
			isa = PBXTargetDependency;
			target = DEE9094D27110C0F002DB828 /* Copy BoxFinder link */;
			targetProxy = DEE9095927110C0F002DB828 /* PBXContainerItemProxy */;
		};
/* End PBXTargetDependency section */

/* Begin PBXVariantGroup section */
		DEE9095427110C0F002DB828 /* ShareViewController.xib */ = {
			isa = PBXVariantGroup;
			children = (
				DEE9095527110C0F002DB828 /* Base */,
			);
			name = ShareViewController.xib;
			sourceTree = "<group>";
		};
/* End PBXVariantGroup section */

/* Begin XCBuildConfiguration section */
		DED928412710F9C90058C961 /* Debug */ = {
			isa = XCBuildConfiguration;
			buildSettings = {
				ALWAYS_SEARCH_USER_PATHS = NO;
				CLANG_ANALYZER_NONNULL = YES;
				CLANG_ANALYZER_NUMBER_OBJECT_CONVERSION = YES_AGGRESSIVE;
				CLANG_CXX_LANGUAGE_STANDARD = "gnu++17";
				CLANG_CXX_LIBRARY = "libc++";
				CLANG_ENABLE_MODULES = YES;
				CLANG_ENABLE_OBJC_ARC = YES;
				CLANG_ENABLE_OBJC_WEAK = YES;
				CLANG_WARN_BLOCK_CAPTURE_AUTORELEASING = YES;
				CLANG_WARN_BOOL_CONVERSION = YES;
				CLANG_WARN_COMMA = YES;
				CLANG_WARN_CONSTANT_CONVERSION = YES;
				CLANG_WARN_DEPRECATED_OBJC_IMPLEMENTATIONS = YES;
				CLANG_WARN_DIRECT_OBJC_ISA_USAGE = YES_ERROR;
				CLANG_WARN_DOCUMENTATION_COMMENTS = YES;
				CLANG_WARN_EMPTY_BODY = YES;
				CLANG_WARN_ENUM_CONVERSION = YES;
				CLANG_WARN_INFINITE_RECURSION = YES;
				CLANG_WARN_INT_CONVERSION = YES;
				CLANG_WARN_NON_LITERAL_NULL_CONVERSION = YES;
				CLANG_WARN_OBJC_IMPLICIT_RETAIN_SELF = YES;
				CLANG_WARN_OBJC_LITERAL_CONVERSION = YES;
				CLANG_WARN_OBJC_ROOT_CLASS = YES_ERROR;
				CLANG_WARN_QUOTED_INCLUDE_IN_FRAMEWORK_HEADER = YES;
				CLANG_WARN_RANGE_LOOP_ANALYSIS = YES;
				CLANG_WARN_STRICT_PROTOTYPES = YES;
				CLANG_WARN_SUSPICIOUS_MOVE = YES;
				CLANG_WARN_UNGUARDED_AVAILABILITY = YES_AGGRESSIVE;
				CLANG_WARN_UNREACHABLE_CODE = YES;
				CLANG_WARN__DUPLICATE_METHOD_MATCH = YES;
				COPY_PHASE_STRIP = NO;
				DEBUG_INFORMATION_FORMAT = dwarf;
				ENABLE_STRICT_OBJC_MSGSEND = YES;
				ENABLE_TESTABILITY = YES;
				GCC_C_LANGUAGE_STANDARD = gnu11;
				GCC_DYNAMIC_NO_PIC = NO;
				GCC_NO_COMMON_BLOCKS = YES;
				GCC_OPTIMIZATION_LEVEL = 0;
				GCC_PREPROCESSOR_DEFINITIONS = (
					"DEBUG=1",
					"$(inherited)",
				);
				GCC_WARN_64_TO_32_BIT_CONVERSION = YES;
				GCC_WARN_ABOUT_RETURN_TYPE = YES_ERROR;
				GCC_WARN_UNDECLARED_SELECTOR = YES;
				GCC_WARN_UNINITIALIZED_AUTOS = YES_AGGRESSIVE;
				GCC_WARN_UNUSED_FUNCTION = YES;
				GCC_WARN_UNUSED_VARIABLE = YES;
				MACOSX_DEPLOYMENT_TARGET = 11.3;
				MTL_ENABLE_DEBUG_INFO = INCLUDE_SOURCE;
				MTL_FAST_MATH = YES;
				ONLY_ACTIVE_ARCH = YES;
				SDKROOT = macosx;
				SWIFT_ACTIVE_COMPILATION_CONDITIONS = DEBUG;
				SWIFT_OPTIMIZATION_LEVEL = "-Onone";
			};
			name = Debug;
		};
		DED928422710F9C90058C961 /* Release */ = {
			isa = XCBuildConfiguration;
			buildSettings = {
				ALWAYS_SEARCH_USER_PATHS = NO;
				CLANG_ANALYZER_NONNULL = YES;
				CLANG_ANALYZER_NUMBER_OBJECT_CONVERSION = YES_AGGRESSIVE;
				CLANG_CXX_LANGUAGE_STANDARD = "gnu++17";
				CLANG_CXX_LIBRARY = "libc++";
				CLANG_ENABLE_MODULES = YES;
				CLANG_ENABLE_OBJC_ARC = YES;
				CLANG_ENABLE_OBJC_WEAK = YES;
				CLANG_WARN_BLOCK_CAPTURE_AUTORELEASING = YES;
				CLANG_WARN_BOOL_CONVERSION = YES;
				CLANG_WARN_COMMA = YES;
				CLANG_WARN_CONSTANT_CONVERSION = YES;
				CLANG_WARN_DEPRECATED_OBJC_IMPLEMENTATIONS = YES;
				CLANG_WARN_DIRECT_OBJC_ISA_USAGE = YES_ERROR;
				CLANG_WARN_DOCUMENTATION_COMMENTS = YES;
				CLANG_WARN_EMPTY_BODY = YES;
				CLANG_WARN_ENUM_CONVERSION = YES;
				CLANG_WARN_INFINITE_RECURSION = YES;
				CLANG_WARN_INT_CONVERSION = YES;
				CLANG_WARN_NON_LITERAL_NULL_CONVERSION = YES;
				CLANG_WARN_OBJC_IMPLICIT_RETAIN_SELF = YES;
				CLANG_WARN_OBJC_LITERAL_CONVERSION = YES;
				CLANG_WARN_OBJC_ROOT_CLASS = YES_ERROR;
				CLANG_WARN_QUOTED_INCLUDE_IN_FRAMEWORK_HEADER = YES;
				CLANG_WARN_RANGE_LOOP_ANALYSIS = YES;
				CLANG_WARN_STRICT_PROTOTYPES = YES;
				CLANG_WARN_SUSPICIOUS_MOVE = YES;
				CLANG_WARN_UNGUARDED_AVAILABILITY = YES_AGGRESSIVE;
				CLANG_WARN_UNREACHABLE_CODE = YES;
				CLANG_WARN__DUPLICATE_METHOD_MATCH = YES;
				COPY_PHASE_STRIP = NO;
				DEBUG_INFORMATION_FORMAT = "dwarf-with-dsym";
				ENABLE_NS_ASSERTIONS = NO;
				ENABLE_STRICT_OBJC_MSGSEND = YES;
				GCC_C_LANGUAGE_STANDARD = gnu11;
				GCC_NO_COMMON_BLOCKS = YES;
				GCC_WARN_64_TO_32_BIT_CONVERSION = YES;
				GCC_WARN_ABOUT_RETURN_TYPE = YES_ERROR;
				GCC_WARN_UNDECLARED_SELECTOR = YES;
				GCC_WARN_UNINITIALIZED_AUTOS = YES_AGGRESSIVE;
				GCC_WARN_UNUSED_FUNCTION = YES;
				GCC_WARN_UNUSED_VARIABLE = YES;
				MACOSX_DEPLOYMENT_TARGET = 11.3;
				MTL_ENABLE_DEBUG_INFO = NO;
				MTL_FAST_MATH = YES;
				SDKROOT = macosx;
				SWIFT_COMPILATION_MODE = wholemodule;
				SWIFT_OPTIMIZATION_LEVEL = "-O";
			};
			name = Release;
		};
		DED928442710F9C90058C961 /* Debug */ = {
			isa = XCBuildConfiguration;
			buildSettings = {
				ALWAYS_EMBED_SWIFT_STANDARD_LIBRARIES = YES;
				ASSETCATALOG_COMPILER_APPICON_NAME = AppIcon;
				ASSETCATALOG_COMPILER_GLOBAL_ACCENT_COLOR_NAME = AccentColor;
				CODE_SIGN_ENTITLEMENTS = BoxFinder/BoxFinder.entitlements;
				CODE_SIGN_IDENTITY = "Apple Development";
				CODE_SIGN_STYLE = Automatic;
				COMBINE_HIDPI_IMAGES = YES;
				CURRENT_PROJECT_VERSION = 1;
				DEVELOPMENT_ASSET_PATHS = "\"BoxFinder/Preview Content\"";
				DEVELOPMENT_TEAM = AU9T7HA2AB;
				ENABLE_HARDENED_RUNTIME = YES;
				ENABLE_PREVIEWS = YES;
				GENERATE_INFOPLIST_FILE = YES;
				INFOPLIST_FILE = BoxFinder/Info.plist;
				INFOPLIST_KEY_LSApplicationCategoryType = "public.app-category.productivity";
				INFOPLIST_KEY_NSHumanReadableCopyright = "";
				LD_RUNPATH_SEARCH_PATHS = (
					"$(inherited)",
					"@executable_path/../Frameworks",
				);
				MACOSX_DEPLOYMENT_TARGET = 11.0;
				MARKETING_VERSION = 0.3;
				PRODUCT_BUNDLE_IDENTIFIER = com.romainpenchenat.BoxFinder;
				PRODUCT_NAME = "$(TARGET_NAME)";
				SWIFT_EMIT_LOC_STRINGS = YES;
				SWIFT_VERSION = 5.0;
			};
			name = Debug;
		};
		DED928452710F9C90058C961 /* Release */ = {
			isa = XCBuildConfiguration;
			buildSettings = {
				ALWAYS_EMBED_SWIFT_STANDARD_LIBRARIES = YES;
				ASSETCATALOG_COMPILER_APPICON_NAME = AppIcon;
				ASSETCATALOG_COMPILER_GLOBAL_ACCENT_COLOR_NAME = AccentColor;
				CODE_SIGN_ENTITLEMENTS = BoxFinder/BoxFinder.entitlements;
				CODE_SIGN_IDENTITY = "Apple Development";
				CODE_SIGN_STYLE = Automatic;
				COMBINE_HIDPI_IMAGES = YES;
				CURRENT_PROJECT_VERSION = 1;
				DEVELOPMENT_ASSET_PATHS = "\"BoxFinder/Preview Content\"";
				DEVELOPMENT_TEAM = AU9T7HA2AB;
				ENABLE_HARDENED_RUNTIME = YES;
				ENABLE_PREVIEWS = YES;
				GENERATE_INFOPLIST_FILE = YES;
				INFOPLIST_FILE = BoxFinder/Info.plist;
				INFOPLIST_KEY_LSApplicationCategoryType = "public.app-category.productivity";
				INFOPLIST_KEY_NSHumanReadableCopyright = "";
				LD_RUNPATH_SEARCH_PATHS = (
					"$(inherited)",
					"@executable_path/../Frameworks",
				);
				MACOSX_DEPLOYMENT_TARGET = 11.0;
				MARKETING_VERSION = 0.3;
				PRODUCT_BUNDLE_IDENTIFIER = com.romainpenchenat.BoxFinder;
				PRODUCT_NAME = "$(TARGET_NAME)";
				SWIFT_EMIT_LOC_STRINGS = YES;
				SWIFT_VERSION = 5.0;
			};
			name = Release;
		};
		DEE9095D27110C0F002DB828 /* Debug */ = {
			isa = XCBuildConfiguration;
			buildSettings = {
				CODE_SIGN_ENTITLEMENTS = BoxFinderShare/BoxFinderShare.entitlements;
				CODE_SIGN_IDENTITY = "Apple Development";
				CODE_SIGN_STYLE = Automatic;
				COMBINE_HIDPI_IMAGES = YES;
				CURRENT_PROJECT_VERSION = 1;
				DEVELOPMENT_TEAM = AU9T7HA2AB;
				ENABLE_HARDENED_RUNTIME = YES;
				GENERATE_INFOPLIST_FILE = YES;
				INFOPLIST_FILE = BoxFinderShare/Info.plist;
				INFOPLIST_KEY_CFBundleDisplayName = BoxFinderShare;
				INFOPLIST_KEY_NSHumanReadableCopyright = "";
				LD_RUNPATH_SEARCH_PATHS = (
					"$(inherited)",
					"@executable_path/../Frameworks",
					"@executable_path/../../../../Frameworks",
				);
				MARKETING_VERSION = 0.3;
				PRODUCT_BUNDLE_IDENTIFIER = com.romainpenchenat.BoxFinder.BoxFinderShare;
				PRODUCT_NAME = "$(TARGET_NAME)";
				SKIP_INSTALL = YES;
				SWIFT_EMIT_LOC_STRINGS = YES;
				SWIFT_VERSION = 5.0;
			};
			name = Debug;
		};
		DEE9095E27110C0F002DB828 /* Release */ = {
			isa = XCBuildConfiguration;
			buildSettings = {
				CODE_SIGN_ENTITLEMENTS = BoxFinderShare/BoxFinderShare.entitlements;
				CODE_SIGN_IDENTITY = "Apple Development";
				CODE_SIGN_STYLE = Automatic;
				COMBINE_HIDPI_IMAGES = YES;
				CURRENT_PROJECT_VERSION = 1;
				DEVELOPMENT_TEAM = AU9T7HA2AB;
				ENABLE_HARDENED_RUNTIME = YES;
				GENERATE_INFOPLIST_FILE = YES;
				INFOPLIST_FILE = BoxFinderShare/Info.plist;
				INFOPLIST_KEY_CFBundleDisplayName = BoxFinderShare;
				INFOPLIST_KEY_NSHumanReadableCopyright = "";
				LD_RUNPATH_SEARCH_PATHS = (
					"$(inherited)",
					"@executable_path/../Frameworks",
					"@executable_path/../../../../Frameworks",
				);
				MARKETING_VERSION = 0.3;
				PRODUCT_BUNDLE_IDENTIFIER = com.romainpenchenat.BoxFinder.BoxFinderShare;
				PRODUCT_NAME = "$(TARGET_NAME)";
				SKIP_INSTALL = YES;
				SWIFT_EMIT_LOC_STRINGS = YES;
				SWIFT_VERSION = 5.0;
			};
			name = Release;
		};
/* End XCBuildConfiguration section */

/* Begin XCConfigurationList section */
		DED9282F2710F9C70058C961 /* Build configuration list for PBXProject "BoxFinder" */ = {
			isa = XCConfigurationList;
			buildConfigurations = (
				DED928412710F9C90058C961 /* Debug */,
				DED928422710F9C90058C961 /* Release */,
			);
			defaultConfigurationIsVisible = 0;
			defaultConfigurationName = Release;
		};
		DED928432710F9C90058C961 /* Build configuration list for PBXNativeTarget "BoxFinder" */ = {
			isa = XCConfigurationList;
			buildConfigurations = (
				DED928442710F9C90058C961 /* Debug */,
				DED928452710F9C90058C961 /* Release */,
			);
			defaultConfigurationIsVisible = 0;
			defaultConfigurationName = Release;
		};
		DEE9095F27110C0F002DB828 /* Build configuration list for PBXNativeTarget "Copy BoxFinder link" */ = {
			isa = XCConfigurationList;
			buildConfigurations = (
				DEE9095D27110C0F002DB828 /* Debug */,
				DEE9095E27110C0F002DB828 /* Release */,
			);
			defaultConfigurationIsVisible = 0;
			defaultConfigurationName = Release;
		};
/* End XCConfigurationList section */
	};
	rootObject = DED9282C2710F9C70058C961 /* Project object */;
}
