// !$*UTF8*$!
{
	archiveVersion = 1;
	classes = {
	};
	objectVersion = 55;
	objects = {

/* Begin PBXBuildFile section */
		DE0665872718A589003EAA96 /* SettingsTab.swift in Sources */ = {isa = PBXBuildFile; fileRef = DE0665862718A589003EAA96 /* SettingsTab.swift */; };
		DE0665892718A5D9003EAA96 /* HomeTab.swift in Sources */ = {isa = PBXBuildFile; fileRef = DE0665882718A5D9003EAA96 /* HomeTab.swift */; };
		DE06658B2718A5FB003EAA96 /* TabBar.swift in Sources */ = {isa = PBXBuildFile; fileRef = DE06658A2718A5FB003EAA96 /* TabBar.swift */; };
		DE0665922718A715003EAA96 /* TabButton.swift in Sources */ = {isa = PBXBuildFile; fileRef = DE0665912718A715003EAA96 /* TabButton.swift */; };
		DE0665942718C333003EAA96 /* IconButton.swift in Sources */ = {isa = PBXBuildFile; fileRef = DE0665932718C333003EAA96 /* IconButton.swift */; };
		DE0665962718C3CE003EAA96 /* HistoryCell.swift in Sources */ = {isa = PBXBuildFile; fileRef = DE0665952718C3CE003EAA96 /* HistoryCell.swift */; };
		DE0665982718C66F003EAA96 /* NSPasteboard_extension.swift in Sources */ = {isa = PBXBuildFile; fileRef = DE0665972718C66F003EAA96 /* NSPasteboard_extension.swift */; };
		DE06659C2718CD02003EAA96 /* URLManager.swift in Sources */ = {isa = PBXBuildFile; fileRef = DE06659B2718CD02003EAA96 /* URLManager.swift */; };
		DE14FD5B271190B20077CCF7 /* UserDefaults_extension.swift in Sources */ = {isa = PBXBuildFile; fileRef = DE14FD5A271190B20077CCF7 /* UserDefaults_extension.swift */; };
		DE1AFCBF271A172E00F1BE01 /* LauncherAppDelegate.swift in Sources */ = {isa = PBXBuildFile; fileRef = DE1AFCBE271A172E00F1BE01 /* LauncherAppDelegate.swift */; };
		DE39FDD42721F7C6003680B7 /* RowButton.swift in Sources */ = {isa = PBXBuildFile; fileRef = DED9284E2710FFBB0058C961 /* RowButton.swift */; };
		DE39FDD72721F830003680B7 /* Assets.xcassets in Resources */ = {isa = PBXBuildFile; fileRef = DED9283B2710F9C90058C961 /* Assets.xcassets */; };
		DE66144B271839A8008A0333 /* Color_extension.swift in Sources */ = {isa = PBXBuildFile; fileRef = DE66144A271839A8008A0333 /* Color_extension.swift */; };
		DE82BE83271A19150042A400 /* main.swift in Sources */ = {isa = PBXBuildFile; fileRef = DE82BE82271A19150042A400 /* main.swift */; };
		DE82BE85271A19B90042A400 /* BoxFinderLauncher.app in CopyFiles */ = {isa = PBXBuildFile; fileRef = DE1AFCBC271A172E00F1BE01 /* BoxFinderLauncher.app */; settings = {ATTRIBUTES = (RemoveHeadersOnCopy, ); }; };
		DE82BE88271A19DD0042A400 /* ServiceManagement.framework in Frameworks */ = {isa = PBXBuildFile; fileRef = DE82BE87271A19DD0042A400 /* ServiceManagement.framework */; platformFilter = maccatalyst; };
		DE82BE8A271A1F9C0042A400 /* Info.plist in Resources */ = {isa = PBXBuildFile; fileRef = DE82BE89271A1F9C0042A400 /* Info.plist */; };
		DED8B9B82721F9AD0015DA1C /* BoxFinder Link.appex in Embed App Extensions */ = {isa = PBXBuildFile; fileRef = DED8B9AB2721F9AD0015DA1C /* BoxFinder Link.appex */; settings = {ATTRIBUTES = (RemoveHeadersOnCopy, ); }; };
		DED8B9BE2721F9F80015DA1C /* ShareView.swift in Sources */ = {isa = PBXBuildFile; fileRef = DED8B9BD2721F9F80015DA1C /* ShareView.swift */; };
		DED8B9BF2721F9FB0015DA1C /* ShareView.swift in Sources */ = {isa = PBXBuildFile; fileRef = DED8B9BD2721F9F80015DA1C /* ShareView.swift */; };
		DED8B9C12721FA1C0015DA1C /* ShareViewController.xib in Resources */ = {isa = PBXBuildFile; fileRef = DED8B9C02721FA1C0015DA1C /* ShareViewController.xib */; };
		DED8B9C22721FA440015DA1C /* ShareViewController.xib in Resources */ = {isa = PBXBuildFile; fileRef = DED8B9C02721FA1C0015DA1C /* ShareViewController.xib */; };
		DED8B9C42721FA790015DA1C /* ShareViewController.swift in Sources */ = {isa = PBXBuildFile; fileRef = DED8B9C32721FA790015DA1C /* ShareViewController.swift */; };
		DED9283A2710F9C70058C961 /* ContentView.swift in Sources */ = {isa = PBXBuildFile; fileRef = DED928392710F9C70058C961 /* ContentView.swift */; };
		DED9283C2710F9C90058C961 /* Assets.xcassets in Resources */ = {isa = PBXBuildFile; fileRef = DED9283B2710F9C90058C961 /* Assets.xcassets */; };
		DED9283F2710F9C90058C961 /* Preview Assets.xcassets in Resources */ = {isa = PBXBuildFile; fileRef = DED9283E2710F9C90058C961 /* Preview Assets.xcassets */; };
		DED928472710F9E20058C961 /* AppDelegate.swift in Sources */ = {isa = PBXBuildFile; fileRef = DED928462710F9E20058C961 /* AppDelegate.swift */; };
		DED9284C2710FC210058C961 /* main.swift in Sources */ = {isa = PBXBuildFile; fileRef = DED9284B2710FC210058C961 /* main.swift */; };
		DED9284F2710FFBB0058C961 /* RowButton.swift in Sources */ = {isa = PBXBuildFile; fileRef = DED9284E2710FFBB0058C961 /* RowButton.swift */; };
		DEDF50302721429800BEC10A /* icon.icns in Resources */ = {isa = PBXBuildFile; fileRef = DEDF502F2721429800BEC10A /* icon.icns */; };
		DEDF50322721429800BEC10A /* ShareViewController.swift in Sources */ = {isa = PBXBuildFile; fileRef = DEDF50312721429800BEC10A /* ShareViewController.swift */; };
		DEDF503A2721429800BEC10A /* BoxFinder Web Embed.appex in Embed App Extensions */ = {isa = PBXBuildFile; fileRef = DEDF502D2721429800BEC10A /* BoxFinder Web Embed.appex */; settings = {ATTRIBUTES = (RemoveHeadersOnCopy, ); }; };
		DEDF5040272142D100BEC10A /* UserDefaults_extension.swift in Sources */ = {isa = PBXBuildFile; fileRef = DE14FD5A271190B20077CCF7 /* UserDefaults_extension.swift */; };
		DEDF50412721431000BEC10A /* NSPasteboard_extension.swift in Sources */ = {isa = PBXBuildFile; fileRef = DE0665972718C66F003EAA96 /* NSPasteboard_extension.swift */; };
		DEDF50422721431400BEC10A /* Color_extension.swift in Sources */ = {isa = PBXBuildFile; fileRef = DE66144A271839A8008A0333 /* Color_extension.swift */; };
		DEE6D3222721FBA8000C6082 /* UserDefaults_extension.swift in Sources */ = {isa = PBXBuildFile; fileRef = DE14FD5A271190B20077CCF7 /* UserDefaults_extension.swift */; };
		DEE6D3232721FBAE000C6082 /* Color_extension.swift in Sources */ = {isa = PBXBuildFile; fileRef = DE66144A271839A8008A0333 /* Color_extension.swift */; };
		DEE6D3242721FBB5000C6082 /* Assets.xcassets in Resources */ = {isa = PBXBuildFile; fileRef = DED9283B2710F9C90058C961 /* Assets.xcassets */; };
		DEE6D3262721FBC5000C6082 /* RowButton.swift in Sources */ = {isa = PBXBuildFile; fileRef = DED9284E2710FFBB0058C961 /* RowButton.swift */; };
		DEE6D3272721FBDC000C6082 /* NSPasteboard_extension.swift in Sources */ = {isa = PBXBuildFile; fileRef = DE0665972718C66F003EAA96 /* NSPasteboard_extension.swift */; };
/* End PBXBuildFile section */

/* Begin PBXContainerItemProxy section */
		DED8B9B62721F9AD0015DA1C /* PBXContainerItemProxy */ = {
			isa = PBXContainerItemProxy;
			containerPortal = DED9282C2710F9C70058C961 /* Project object */;
			proxyType = 1;
			remoteGlobalIDString = DED8B9AA2721F9AD0015DA1C;
			remoteInfo = "BoxFinder Link";
		};
		DEDF50382721429800BEC10A /* PBXContainerItemProxy */ = {
			isa = PBXContainerItemProxy;
			containerPortal = DED9282C2710F9C70058C961 /* Project object */;
			proxyType = 1;
			remoteGlobalIDString = DEDF502C2721429800BEC10A;
			remoteInfo = "BoxFinder Web Embed";
		};
/* End PBXContainerItemProxy section */

/* Begin PBXCopyFilesBuildPhase section */
		DE82BE84271A19920042A400 /* CopyFiles */ = {
			isa = PBXCopyFilesBuildPhase;
			buildActionMask = 2147483647;
			dstPath = Contents/Library/LoginItems;
			dstSubfolderSpec = 1;
			files = (
				DE82BE85271A19B90042A400 /* BoxFinderLauncher.app in CopyFiles */,
			);
			runOnlyForDeploymentPostprocessing = 0;
		};
		DEE9095C27110C0F002DB828 /* Embed App Extensions */ = {
			isa = PBXCopyFilesBuildPhase;
			buildActionMask = 2147483647;
			dstPath = "";
			dstSubfolderSpec = 13;
			files = (
				DED8B9B82721F9AD0015DA1C /* BoxFinder Link.appex in Embed App Extensions */,
				DEDF503A2721429800BEC10A /* BoxFinder Web Embed.appex in Embed App Extensions */,
			);
			name = "Embed App Extensions";
			runOnlyForDeploymentPostprocessing = 0;
		};
/* End PBXCopyFilesBuildPhase section */

/* Begin PBXFileReference section */
		DE0665862718A589003EAA96 /* SettingsTab.swift */ = {isa = PBXFileReference; lastKnownFileType = sourcecode.swift; path = SettingsTab.swift; sourceTree = "<group>"; };
		DE0665882718A5D9003EAA96 /* HomeTab.swift */ = {isa = PBXFileReference; lastKnownFileType = sourcecode.swift; path = HomeTab.swift; sourceTree = "<group>"; };
		DE06658A2718A5FB003EAA96 /* TabBar.swift */ = {isa = PBXFileReference; lastKnownFileType = sourcecode.swift; path = TabBar.swift; sourceTree = "<group>"; };
		DE0665912718A715003EAA96 /* TabButton.swift */ = {isa = PBXFileReference; lastKnownFileType = sourcecode.swift; path = TabButton.swift; sourceTree = "<group>"; };
		DE0665932718C333003EAA96 /* IconButton.swift */ = {isa = PBXFileReference; lastKnownFileType = sourcecode.swift; path = IconButton.swift; sourceTree = "<group>"; };
		DE0665952718C3CE003EAA96 /* HistoryCell.swift */ = {isa = PBXFileReference; lastKnownFileType = sourcecode.swift; path = HistoryCell.swift; sourceTree = "<group>"; };
		DE0665972718C66F003EAA96 /* NSPasteboard_extension.swift */ = {isa = PBXFileReference; lastKnownFileType = sourcecode.swift; path = NSPasteboard_extension.swift; sourceTree = "<group>"; };
		DE06659B2718CD02003EAA96 /* URLManager.swift */ = {isa = PBXFileReference; lastKnownFileType = sourcecode.swift; path = URLManager.swift; sourceTree = "<group>"; };
		DE14FD5A271190B20077CCF7 /* UserDefaults_extension.swift */ = {isa = PBXFileReference; lastKnownFileType = sourcecode.swift; path = UserDefaults_extension.swift; sourceTree = "<group>"; };
		DE1AFCBC271A172E00F1BE01 /* BoxFinderLauncher.app */ = {isa = PBXFileReference; explicitFileType = wrapper.application; includeInIndex = 0; path = BoxFinderLauncher.app; sourceTree = BUILT_PRODUCTS_DIR; };
		DE1AFCBE271A172E00F1BE01 /* LauncherAppDelegate.swift */ = {isa = PBXFileReference; lastKnownFileType = sourcecode.swift; path = LauncherAppDelegate.swift; sourceTree = "<group>"; };
		DE1AFCC7271A172F00F1BE01 /* BoxFinderLauncher.entitlements */ = {isa = PBXFileReference; lastKnownFileType = text.plist.entitlements; path = BoxFinderLauncher.entitlements; sourceTree = "<group>"; };
		DE66144A271839A8008A0333 /* Color_extension.swift */ = {isa = PBXFileReference; lastKnownFileType = sourcecode.swift; path = Color_extension.swift; sourceTree = "<group>"; };
		DE82BE82271A19150042A400 /* main.swift */ = {isa = PBXFileReference; lastKnownFileType = sourcecode.swift; path = main.swift; sourceTree = "<group>"; };
		DE82BE87271A19DD0042A400 /* ServiceManagement.framework */ = {isa = PBXFileReference; lastKnownFileType = wrapper.framework; name = ServiceManagement.framework; path = System/Library/Frameworks/ServiceManagement.framework; sourceTree = SDKROOT; };
		DE82BE89271A1F9C0042A400 /* Info.plist */ = {isa = PBXFileReference; lastKnownFileType = text.plist.xml; path = Info.plist; sourceTree = "<group>"; };
		DED8B9AB2721F9AD0015DA1C /* BoxFinder Link.appex */ = {isa = PBXFileReference; explicitFileType = "wrapper.app-extension"; includeInIndex = 0; path = "BoxFinder Link.appex"; sourceTree = BUILT_PRODUCTS_DIR; };
		DED8B9B42721F9AD0015DA1C /* Info.plist */ = {isa = PBXFileReference; lastKnownFileType = text.plist.xml; path = Info.plist; sourceTree = "<group>"; };
		DED8B9B52721F9AD0015DA1C /* BoxFinder_Link.entitlements */ = {isa = PBXFileReference; lastKnownFileType = text.plist.entitlements; path = BoxFinder_Link.entitlements; sourceTree = "<group>"; };
		DED8B9BD2721F9F80015DA1C /* ShareView.swift */ = {isa = PBXFileReference; fileEncoding = 4; lastKnownFileType = sourcecode.swift; path = ShareView.swift; sourceTree = "<group>"; };
		DED8B9C02721FA1C0015DA1C /* ShareViewController.xib */ = {isa = PBXFileReference; fileEncoding = 4; lastKnownFileType = file.xib; path = ShareViewController.xib; sourceTree = "<group>"; };
		DED8B9C32721FA790015DA1C /* ShareViewController.swift */ = {isa = PBXFileReference; lastKnownFileType = sourcecode.swift; path = ShareViewController.swift; sourceTree = "<group>"; };
		DED928342710F9C70058C961 /* BoxFinder.app */ = {isa = PBXFileReference; explicitFileType = wrapper.application; includeInIndex = 0; path = BoxFinder.app; sourceTree = BUILT_PRODUCTS_DIR; };
		DED928392710F9C70058C961 /* ContentView.swift */ = {isa = PBXFileReference; lastKnownFileType = sourcecode.swift; path = ContentView.swift; sourceTree = "<group>"; };
		DED9283B2710F9C90058C961 /* Assets.xcassets */ = {isa = PBXFileReference; lastKnownFileType = folder.assetcatalog; path = Assets.xcassets; sourceTree = "<group>"; };
		DED9283E2710F9C90058C961 /* Preview Assets.xcassets */ = {isa = PBXFileReference; lastKnownFileType = folder.assetcatalog; path = "Preview Assets.xcassets"; sourceTree = "<group>"; };
		DED928402710F9C90058C961 /* BoxFinder.entitlements */ = {isa = PBXFileReference; lastKnownFileType = text.plist.entitlements; path = BoxFinder.entitlements; sourceTree = "<group>"; };
		DED928462710F9E20058C961 /* AppDelegate.swift */ = {isa = PBXFileReference; lastKnownFileType = sourcecode.swift; path = AppDelegate.swift; sourceTree = "<group>"; };
		DED928482710FAE60058C961 /* Info.plist */ = {isa = PBXFileReference; lastKnownFileType = text.plist; path = Info.plist; sourceTree = "<group>"; };
		DED9284B2710FC210058C961 /* main.swift */ = {isa = PBXFileReference; lastKnownFileType = sourcecode.swift; path = main.swift; sourceTree = "<group>"; };
		DED9284E2710FFBB0058C961 /* RowButton.swift */ = {isa = PBXFileReference; lastKnownFileType = sourcecode.swift; path = RowButton.swift; sourceTree = "<group>"; };
		DEDF502D2721429800BEC10A /* BoxFinder Web Embed.appex */ = {isa = PBXFileReference; explicitFileType = "wrapper.app-extension"; includeInIndex = 0; path = "BoxFinder Web Embed.appex"; sourceTree = BUILT_PRODUCTS_DIR; };
		DEDF502F2721429800BEC10A /* icon.icns */ = {isa = PBXFileReference; lastKnownFileType = image.icns; path = icon.icns; sourceTree = "<group>"; };
		DEDF50312721429800BEC10A /* ShareViewController.swift */ = {isa = PBXFileReference; lastKnownFileType = sourcecode.swift; path = ShareViewController.swift; sourceTree = "<group>"; };
		DEDF50362721429800BEC10A /* Info.plist */ = {isa = PBXFileReference; lastKnownFileType = text.plist.xml; path = Info.plist; sourceTree = "<group>"; };
		DEDF50372721429800BEC10A /* BoxFinder_Web_Embed.entitlements */ = {isa = PBXFileReference; lastKnownFileType = text.plist.entitlements; path = BoxFinder_Web_Embed.entitlements; sourceTree = "<group>"; };
		DEE9095027110C0F002DB828 /* icon.icns */ = {isa = PBXFileReference; lastKnownFileType = image.icns; name = icon.icns; path = ../BoxFinderShare/icon.icns; sourceTree = "<group>"; };
/* End PBXFileReference section */

/* Begin PBXFrameworksBuildPhase section */
		DE1AFCB9271A172E00F1BE01 /* Frameworks */ = {
			isa = PBXFrameworksBuildPhase;
			buildActionMask = 2147483647;
			files = (
			);
			runOnlyForDeploymentPostprocessing = 0;
		};
		DED8B9A82721F9AD0015DA1C /* Frameworks */ = {
			isa = PBXFrameworksBuildPhase;
			buildActionMask = 2147483647;
			files = (
			);
			runOnlyForDeploymentPostprocessing = 0;
		};
		DED928312710F9C70058C961 /* Frameworks */ = {
			isa = PBXFrameworksBuildPhase;
			buildActionMask = 2147483647;
			files = (
				DE82BE88271A19DD0042A400 /* ServiceManagement.framework in Frameworks */,
			);
			runOnlyForDeploymentPostprocessing = 0;
		};
		DEDF502A2721429800BEC10A /* Frameworks */ = {
			isa = PBXFrameworksBuildPhase;
			buildActionMask = 2147483647;
			files = (
			);
			runOnlyForDeploymentPostprocessing = 0;
		};
/* End PBXFrameworksBuildPhase section */

/* Begin PBXGroup section */
		DE06658C2718A68C003EAA96 /* Molecule */ = {
			isa = PBXGroup;
			children = (
				DE06658A2718A5FB003EAA96 /* TabBar.swift */,
				DED9284E2710FFBB0058C961 /* RowButton.swift */,
				DE0665952718C3CE003EAA96 /* HistoryCell.swift */,
			);
			path = Molecule;
			sourceTree = "<group>";
		};
		DE06658D2718A6A6003EAA96 /* Organism */ = {
			isa = PBXGroup;
			children = (
				DE0665882718A5D9003EAA96 /* HomeTab.swift */,
				DE0665862718A589003EAA96 /* SettingsTab.swift */,
			);
			path = Organism;
			sourceTree = "<group>";
		};
		DE06658E2718A6B7003EAA96 /* Page */ = {
			isa = PBXGroup;
			children = (
				DED928392710F9C70058C961 /* ContentView.swift */,
			);
			path = Page;
			sourceTree = "<group>";
		};
		DE0665902718A6CC003EAA96 /* Atom */ = {
			isa = PBXGroup;
			children = (
				DE0665912718A715003EAA96 /* TabButton.swift */,
				DE0665932718C333003EAA96 /* IconButton.swift */,
			);
			path = Atom;
			sourceTree = "<group>";
		};
		DE06659A2718CCF3003EAA96 /* Helpers */ = {
			isa = PBXGroup;
			children = (
				DE06659B2718CD02003EAA96 /* URLManager.swift */,
			);
			path = Helpers;
			sourceTree = "<group>";
		};
		DE14FD592711909F0077CCF7 /* Extensions */ = {
			isa = PBXGroup;
			children = (
				DE14FD5A271190B20077CCF7 /* UserDefaults_extension.swift */,
				DE66144A271839A8008A0333 /* Color_extension.swift */,
				DE0665972718C66F003EAA96 /* NSPasteboard_extension.swift */,
			);
			path = Extensions;
			sourceTree = "<group>";
		};
		DE1AFCBD271A172E00F1BE01 /* BoxFinderLauncher */ = {
			isa = PBXGroup;
			children = (
				DE1AFCBE271A172E00F1BE01 /* LauncherAppDelegate.swift */,
				DE1AFCC7271A172F00F1BE01 /* BoxFinderLauncher.entitlements */,
				DE82BE82271A19150042A400 /* main.swift */,
				DE82BE89271A1F9C0042A400 /* Info.plist */,
			);
			path = BoxFinderLauncher;
			sourceTree = "<group>";
		};
		DE82BE86271A19DD0042A400 /* Frameworks */ = {
			isa = PBXGroup;
			children = (
				DE82BE87271A19DD0042A400 /* ServiceManagement.framework */,
			);
			name = Frameworks;
			sourceTree = "<group>";
		};
		DED8B9AC2721F9AD0015DA1C /* BoxFinder Link */ = {
			isa = PBXGroup;
			children = (
				DEE9095027110C0F002DB828 /* icon.icns */,
				DED8B9B42721F9AD0015DA1C /* Info.plist */,
				DED8B9B52721F9AD0015DA1C /* BoxFinder_Link.entitlements */,
				DED8B9C32721FA790015DA1C /* ShareViewController.swift */,
				DED8B9C02721FA1C0015DA1C /* ShareViewController.xib */,
				DED8B9BD2721F9F80015DA1C /* ShareView.swift */,
			);
			path = "BoxFinder Link";
			sourceTree = "<group>";
		};
		DED9282B2710F9C70058C961 = {
			isa = PBXGroup;
			children = (
				DED928362710F9C70058C961 /* BoxFinder */,
				DED8B9AC2721F9AD0015DA1C /* BoxFinder Link */,
				DEDF502E2721429800BEC10A /* BoxFinder Web Embed */,
				DE1AFCBD271A172E00F1BE01 /* BoxFinderLauncher */,
				DED928352710F9C70058C961 /* Products */,
				DE82BE86271A19DD0042A400 /* Frameworks */,
			);
			sourceTree = "<group>";
		};
		DED928352710F9C70058C961 /* Products */ = {
			isa = PBXGroup;
			children = (
				DED928342710F9C70058C961 /* BoxFinder.app */,
				DE1AFCBC271A172E00F1BE01 /* BoxFinderLauncher.app */,
				DEDF502D2721429800BEC10A /* BoxFinder Web Embed.appex */,
				DED8B9AB2721F9AD0015DA1C /* BoxFinder Link.appex */,
			);
			name = Products;
			sourceTree = "<group>";
		};
		DED928362710F9C70058C961 /* BoxFinder */ = {
			isa = PBXGroup;
			children = (
				DE06659A2718CCF3003EAA96 /* Helpers */,
				DE14FD592711909F0077CCF7 /* Extensions */,
				DED9284D2710FFAF0058C961 /* Components */,
				DED928482710FAE60058C961 /* Info.plist */,
				DED9283B2710F9C90058C961 /* Assets.xcassets */,
				DED928402710F9C90058C961 /* BoxFinder.entitlements */,
				DED9283D2710F9C90058C961 /* Preview Content */,
				DED928462710F9E20058C961 /* AppDelegate.swift */,
				DED9284B2710FC210058C961 /* main.swift */,
			);
			path = BoxFinder;
			sourceTree = "<group>";
		};
		DED9283D2710F9C90058C961 /* Preview Content */ = {
			isa = PBXGroup;
			children = (
				DED9283E2710F9C90058C961 /* Preview Assets.xcassets */,
			);
			path = "Preview Content";
			sourceTree = "<group>";
		};
		DED9284D2710FFAF0058C961 /* Components */ = {
			isa = PBXGroup;
			children = (
				DE0665902718A6CC003EAA96 /* Atom */,
				DE06658C2718A68C003EAA96 /* Molecule */,
				DE06658D2718A6A6003EAA96 /* Organism */,
				DE06658E2718A6B7003EAA96 /* Page */,
			);
			path = Components;
			sourceTree = "<group>";
		};
		DEDF502E2721429800BEC10A /* BoxFinder Web Embed */ = {
			isa = PBXGroup;
			children = (
				DEDF502F2721429800BEC10A /* icon.icns */,
				DEDF50362721429800BEC10A /* Info.plist */,
				DEDF50372721429800BEC10A /* BoxFinder_Web_Embed.entitlements */,
				DEDF50312721429800BEC10A /* ShareViewController.swift */,
			);
			path = "BoxFinder Web Embed";
			sourceTree = "<group>";
		};
/* End PBXGroup section */

/* Begin PBXNativeTarget section */
		DE1AFCBB271A172E00F1BE01 /* BoxFinderLauncher */ = {
			isa = PBXNativeTarget;
			buildConfigurationList = DE1AFCC8271A172F00F1BE01 /* Build configuration list for PBXNativeTarget "BoxFinderLauncher" */;
			buildPhases = (
				DE1AFCB8271A172E00F1BE01 /* Sources */,
				DE1AFCB9271A172E00F1BE01 /* Frameworks */,
				DE1AFCBA271A172E00F1BE01 /* Resources */,
			);
			buildRules = (
			);
			dependencies = (
			);
			name = BoxFinderLauncher;
			productName = BoxFinderLauncher;
			productReference = DE1AFCBC271A172E00F1BE01 /* BoxFinderLauncher.app */;
			productType = "com.apple.product-type.application";
		};
		DED8B9AA2721F9AD0015DA1C /* BoxFinder Link */ = {
			isa = PBXNativeTarget;
			buildConfigurationList = DED8B9B92721F9AD0015DA1C /* Build configuration list for PBXNativeTarget "BoxFinder Link" */;
			buildPhases = (
				DED8B9A72721F9AD0015DA1C /* Sources */,
				DED8B9A82721F9AD0015DA1C /* Frameworks */,
				DED8B9A92721F9AD0015DA1C /* Resources */,
			);
			buildRules = (
			);
			dependencies = (
			);
			name = "BoxFinder Link";
			productName = "BoxFinder Link";
			productReference = DED8B9AB2721F9AD0015DA1C /* BoxFinder Link.appex */;
			productType = "com.apple.product-type.app-extension";
		};
		DED928332710F9C70058C961 /* BoxFinder */ = {
			isa = PBXNativeTarget;
			buildConfigurationList = DED928432710F9C90058C961 /* Build configuration list for PBXNativeTarget "BoxFinder" */;
			buildPhases = (
				DED928302710F9C70058C961 /* Sources */,
				DED928312710F9C70058C961 /* Frameworks */,
				DED928322710F9C70058C961 /* Resources */,
				DEE9095C27110C0F002DB828 /* Embed App Extensions */,
				DE82BE84271A19920042A400 /* CopyFiles */,
			);
			buildRules = (
			);
			dependencies = (
				DEDF50392721429800BEC10A /* PBXTargetDependency */,
				DED8B9B72721F9AD0015DA1C /* PBXTargetDependency */,
			);
			name = BoxFinder;
			productName = BoxFinder;
			productReference = DED928342710F9C70058C961 /* BoxFinder.app */;
			productType = "com.apple.product-type.application";
		};
		DEDF502C2721429800BEC10A /* BoxFinder Web Embed */ = {
			isa = PBXNativeTarget;
			buildConfigurationList = DEDF503D2721429800BEC10A /* Build configuration list for PBXNativeTarget "BoxFinder Web Embed" */;
			buildPhases = (
				DEDF50292721429800BEC10A /* Sources */,
				DEDF502A2721429800BEC10A /* Frameworks */,
				DEDF502B2721429800BEC10A /* Resources */,
			);
			buildRules = (
			);
			dependencies = (
			);
			name = "BoxFinder Web Embed";
			productName = "BoxFinder Web Embed";
			productReference = DEDF502D2721429800BEC10A /* BoxFinder Web Embed.appex */;
			productType = "com.apple.product-type.app-extension";
		};
/* End PBXNativeTarget section */

/* Begin PBXProject section */
		DED9282C2710F9C70058C961 /* Project object */ = {
			isa = PBXProject;
			attributes = {
				BuildIndependentTargetsInParallel = 1;
				LastSwiftUpdateCheck = 1300;
				LastUpgradeCheck = 1300;
				TargetAttributes = {
					DE1AFCBB271A172E00F1BE01 = {
						CreatedOnToolsVersion = 13.0;
					};
					DED8B9AA2721F9AD0015DA1C = {
						CreatedOnToolsVersion = 13.0;
						LastSwiftMigration = 1300;
					};
					DED928332710F9C70058C961 = {
						CreatedOnToolsVersion = 13.0;
					};
					DEDF502C2721429800BEC10A = {
						CreatedOnToolsVersion = 13.0;
					};
				};
			};
			buildConfigurationList = DED9282F2710F9C70058C961 /* Build configuration list for PBXProject "BoxFinder" */;
			compatibilityVersion = "Xcode 13.0";
			developmentRegion = en;
			hasScannedForEncodings = 0;
			knownRegions = (
				en,
				Base,
			);
			mainGroup = DED9282B2710F9C70058C961;
			productRefGroup = DED928352710F9C70058C961 /* Products */;
			projectDirPath = "";
			projectRoot = "";
			targets = (
				DED928332710F9C70058C961 /* BoxFinder */,
				DE1AFCBB271A172E00F1BE01 /* BoxFinderLauncher */,
				DED8B9AA2721F9AD0015DA1C /* BoxFinder Link */,
				DEDF502C2721429800BEC10A /* BoxFinder Web Embed */,
			);
		};
/* End PBXProject section */

/* Begin PBXResourcesBuildPhase section */
		DE1AFCBA271A172E00F1BE01 /* Resources */ = {
			isa = PBXResourcesBuildPhase;
			buildActionMask = 2147483647;
			files = (
				DE82BE8A271A1F9C0042A400 /* Info.plist in Resources */,
			);
			runOnlyForDeploymentPostprocessing = 0;
		};
		DED8B9A92721F9AD0015DA1C /* Resources */ = {
			isa = PBXResourcesBuildPhase;
			buildActionMask = 2147483647;
			files = (
				DEE6D3242721FBB5000C6082 /* Assets.xcassets in Resources */,
				DED8B9C12721FA1C0015DA1C /* ShareViewController.xib in Resources */,
			);
			runOnlyForDeploymentPostprocessing = 0;
		};
		DED928322710F9C70058C961 /* Resources */ = {
			isa = PBXResourcesBuildPhase;
			buildActionMask = 2147483647;
			files = (
				DED9283F2710F9C90058C961 /* Preview Assets.xcassets in Resources */,
				DED9283C2710F9C90058C961 /* Assets.xcassets in Resources */,
			);
			runOnlyForDeploymentPostprocessing = 0;
		};
		DEDF502B2721429800BEC10A /* Resources */ = {
			isa = PBXResourcesBuildPhase;
			buildActionMask = 2147483647;
			files = (
				DE39FDD72721F830003680B7 /* Assets.xcassets in Resources */,
				DED8B9C22721FA440015DA1C /* ShareViewController.xib in Resources */,
				DEDF50302721429800BEC10A /* icon.icns in Resources */,
			);
			runOnlyForDeploymentPostprocessing = 0;
		};
/* End PBXResourcesBuildPhase section */

/* Begin PBXSourcesBuildPhase section */
		DE1AFCB8271A172E00F1BE01 /* Sources */ = {
			isa = PBXSourcesBuildPhase;
			buildActionMask = 2147483647;
			files = (
				DE82BE83271A19150042A400 /* main.swift in Sources */,
				DE1AFCBF271A172E00F1BE01 /* LauncherAppDelegate.swift in Sources */,
			);
			runOnlyForDeploymentPostprocessing = 0;
		};
		DED8B9A72721F9AD0015DA1C /* Sources */ = {
			isa = PBXSourcesBuildPhase;
			buildActionMask = 2147483647;
			files = (
				DEE6D3222721FBA8000C6082 /* UserDefaults_extension.swift in Sources */,
				DED8B9C42721FA790015DA1C /* ShareViewController.swift in Sources */,
				DED8B9BE2721F9F80015DA1C /* ShareView.swift in Sources */,
				DEE6D3272721FBDC000C6082 /* NSPasteboard_extension.swift in Sources */,
				DEE6D3262721FBC5000C6082 /* RowButton.swift in Sources */,
				DEE6D3232721FBAE000C6082 /* Color_extension.swift in Sources */,
			);
			runOnlyForDeploymentPostprocessing = 0;
		};
		DED928302710F9C70058C961 /* Sources */ = {
			isa = PBXSourcesBuildPhase;
			buildActionMask = 2147483647;
			files = (
				DE06658B2718A5FB003EAA96 /* TabBar.swift in Sources */,
				DE0665892718A5D9003EAA96 /* HomeTab.swift in Sources */,
				DE14FD5B271190B20077CCF7 /* UserDefaults_extension.swift in Sources */,
				DE0665982718C66F003EAA96 /* NSPasteboard_extension.swift in Sources */,
				DE0665922718A715003EAA96 /* TabButton.swift in Sources */,
				DED928472710F9E20058C961 /* AppDelegate.swift in Sources */,
				DED9283A2710F9C70058C961 /* ContentView.swift in Sources */,
				DE0665962718C3CE003EAA96 /* HistoryCell.swift in Sources */,
				DED9284F2710FFBB0058C961 /* RowButton.swift in Sources */,
				DED9284C2710FC210058C961 /* main.swift in Sources */,
				DE0665942718C333003EAA96 /* IconButton.swift in Sources */,
				DE66144B271839A8008A0333 /* Color_extension.swift in Sources */,
				DE0665872718A589003EAA96 /* SettingsTab.swift in Sources */,
				DE06659C2718CD02003EAA96 /* URLManager.swift in Sources */,
			);
			runOnlyForDeploymentPostprocessing = 0;
		};
		DEDF50292721429800BEC10A /* Sources */ = {
			isa = PBXSourcesBuildPhase;
			buildActionMask = 2147483647;
			files = (
				DED8B9BF2721F9FB0015DA1C /* ShareView.swift in Sources */,
				DEDF50422721431400BEC10A /* Color_extension.swift in Sources */,
				DEDF5040272142D100BEC10A /* UserDefaults_extension.swift in Sources */,
				DE39FDD42721F7C6003680B7 /* RowButton.swift in Sources */,
				DEDF50412721431000BEC10A /* NSPasteboard_extension.swift in Sources */,
				DEDF50322721429800BEC10A /* ShareViewController.swift in Sources */,
			);
			runOnlyForDeploymentPostprocessing = 0;
		};
/* End PBXSourcesBuildPhase section */

/* Begin PBXTargetDependency section */
		DED8B9B72721F9AD0015DA1C /* PBXTargetDependency */ = {
			isa = PBXTargetDependency;
			target = DED8B9AA2721F9AD0015DA1C /* BoxFinder Link */;
			targetProxy = DED8B9B62721F9AD0015DA1C /* PBXContainerItemProxy */;
		};
		DEDF50392721429800BEC10A /* PBXTargetDependency */ = {
			isa = PBXTargetDependency;
			target = DEDF502C2721429800BEC10A /* BoxFinder Web Embed */;
			targetProxy = DEDF50382721429800BEC10A /* PBXContainerItemProxy */;
		};
/* End PBXTargetDependency section */

/* Begin XCBuildConfiguration section */
		DE1AFCC9271A172F00F1BE01 /* Debug */ = {
			isa = XCBuildConfiguration;
			buildSettings = {
				ASSETCATALOG_COMPILER_APPICON_NAME = AppIcon;
				ASSETCATALOG_COMPILER_GLOBAL_ACCENT_COLOR_NAME = AccentColor;
				CODE_SIGN_ENTITLEMENTS = BoxFinderLauncher/BoxFinderLauncher.entitlements;
				CODE_SIGN_STYLE = Automatic;
				COMBINE_HIDPI_IMAGES = YES;
				CURRENT_PROJECT_VERSION = 1;
				DEVELOPMENT_TEAM = AU9T7HA2AB;
				ENABLE_HARDENED_RUNTIME = YES;
				GENERATE_INFOPLIST_FILE = YES;
				INFOPLIST_FILE = BoxFinderLauncher/Info.plist;
				INFOPLIST_KEY_NSHumanReadableCopyright = "";
				INFOPLIST_KEY_NSPrincipalClass = NSApplication;
				LD_RUNPATH_SEARCH_PATHS = (
					"$(inherited)",
					"@executable_path/../Frameworks",
				);
				MACOSX_DEPLOYMENT_TARGET = 11.0;
				MARKETING_VERSION = 0.4;
				PRODUCT_BUNDLE_IDENTIFIER = com.romainpenchenat.BoxFinderLauncher;
				PRODUCT_NAME = "$(TARGET_NAME)";
				SKIP_INSTALL = YES;
				SWIFT_EMIT_LOC_STRINGS = YES;
				SWIFT_VERSION = 5.0;
			};
			name = Debug;
		};
		DE1AFCCA271A172F00F1BE01 /* Release */ = {
			isa = XCBuildConfiguration;
			buildSettings = {
				ASSETCATALOG_COMPILER_APPICON_NAME = AppIcon;
				ASSETCATALOG_COMPILER_GLOBAL_ACCENT_COLOR_NAME = AccentColor;
				CODE_SIGN_ENTITLEMENTS = BoxFinderLauncher/BoxFinderLauncher.entitlements;
				CODE_SIGN_STYLE = Automatic;
				COMBINE_HIDPI_IMAGES = YES;
				CURRENT_PROJECT_VERSION = 1;
				DEVELOPMENT_TEAM = AU9T7HA2AB;
				ENABLE_HARDENED_RUNTIME = YES;
				GENERATE_INFOPLIST_FILE = YES;
				INFOPLIST_FILE = BoxFinderLauncher/Info.plist;
				INFOPLIST_KEY_NSHumanReadableCopyright = "";
				INFOPLIST_KEY_NSPrincipalClass = NSApplication;
				LD_RUNPATH_SEARCH_PATHS = (
					"$(inherited)",
					"@executable_path/../Frameworks",
				);
				MACOSX_DEPLOYMENT_TARGET = 11.0;
				MARKETING_VERSION = 0.4;
				PRODUCT_BUNDLE_IDENTIFIER = com.romainpenchenat.BoxFinderLauncher;
				PRODUCT_NAME = "$(TARGET_NAME)";
				SKIP_INSTALL = YES;
				SWIFT_EMIT_LOC_STRINGS = YES;
				SWIFT_VERSION = 5.0;
			};
			name = Release;
		};
		DED8B9BA2721F9AD0015DA1C /* Debug */ = {
			isa = XCBuildConfiguration;
			buildSettings = {
				CLANG_ENABLE_MODULES = YES;
				CODE_SIGN_ENTITLEMENTS = "BoxFinder Link/BoxFinder_Link.entitlements";
				CODE_SIGN_IDENTITY = "Apple Development";
				CODE_SIGN_STYLE = Automatic;
				COMBINE_HIDPI_IMAGES = YES;
				CURRENT_PROJECT_VERSION = 1;
				DEVELOPMENT_TEAM = AU9T7HA2AB;
				ENABLE_HARDENED_RUNTIME = YES;
				GENERATE_INFOPLIST_FILE = YES;
				INFOPLIST_FILE = "BoxFinder Link/Info.plist";
				INFOPLIST_KEY_CFBundleDisplayName = "BoxFinder Link";
				INFOPLIST_KEY_NSHumanReadableCopyright = "";
				LD_RUNPATH_SEARCH_PATHS = (
					"$(inherited)",
					"@executable_path/../Frameworks",
					"@executable_path/../../../../Frameworks",
				);
				MARKETING_VERSION = 0.4;
				PRODUCT_BUNDLE_IDENTIFIER = "com.romainpenchenat.BoxFinder.BoxFinder-Link";
				PRODUCT_NAME = "$(TARGET_NAME)";
				SKIP_INSTALL = YES;
				SWIFT_EMIT_LOC_STRINGS = YES;
				SWIFT_OBJC_BRIDGING_HEADER = "";
				SWIFT_OPTIMIZATION_LEVEL = "-Onone";
				SWIFT_VERSION = 5.0;
			};
			name = Debug;
		};
		DED8B9BB2721F9AD0015DA1C /* Release */ = {
			isa = XCBuildConfiguration;
			buildSettings = {
				CLANG_ENABLE_MODULES = YES;
				CODE_SIGN_ENTITLEMENTS = "BoxFinder Link/BoxFinder_Link.entitlements";
				CODE_SIGN_IDENTITY = "Apple Development";
				CODE_SIGN_STYLE = Automatic;
				COMBINE_HIDPI_IMAGES = YES;
				CURRENT_PROJECT_VERSION = 1;
				DEVELOPMENT_TEAM = AU9T7HA2AB;
				ENABLE_HARDENED_RUNTIME = YES;
				GENERATE_INFOPLIST_FILE = YES;
				INFOPLIST_FILE = "BoxFinder Link/Info.plist";
				INFOPLIST_KEY_CFBundleDisplayName = "BoxFinder Link";
				INFOPLIST_KEY_NSHumanReadableCopyright = "";
				LD_RUNPATH_SEARCH_PATHS = (
					"$(inherited)",
					"@executable_path/../Frameworks",
					"@executable_path/../../../../Frameworks",
				);
				MARKETING_VERSION = 0.4;
				PRODUCT_BUNDLE_IDENTIFIER = "com.romainpenchenat.BoxFinder.BoxFinder-Link";
				PRODUCT_NAME = "$(TARGET_NAME)";
				SKIP_INSTALL = YES;
				SWIFT_EMIT_LOC_STRINGS = YES;
				SWIFT_OBJC_BRIDGING_HEADER = "";
				SWIFT_VERSION = 5.0;
			};
			name = Release;
		};
		DED928412710F9C90058C961 /* Debug */ = {
			isa = XCBuildConfiguration;
			buildSettings = {
				ALWAYS_SEARCH_USER_PATHS = NO;
				CLANG_ANALYZER_NONNULL = YES;
				CLANG_ANALYZER_NUMBER_OBJECT_CONVERSION = YES_AGGRESSIVE;
				CLANG_CXX_LANGUAGE_STANDARD = "gnu++17";
				CLANG_CXX_LIBRARY = "libc++";
				CLANG_ENABLE_MODULES = YES;
				CLANG_ENABLE_OBJC_ARC = YES;
				CLANG_ENABLE_OBJC_WEAK = YES;
				CLANG_WARN_BLOCK_CAPTURE_AUTORELEASING = YES;
				CLANG_WARN_BOOL_CONVERSION = YES;
				CLANG_WARN_COMMA = YES;
				CLANG_WARN_CONSTANT_CONVERSION = YES;
				CLANG_WARN_DEPRECATED_OBJC_IMPLEMENTATIONS = YES;
				CLANG_WARN_DIRECT_OBJC_ISA_USAGE = YES_ERROR;
				CLANG_WARN_DOCUMENTATION_COMMENTS = YES;
				CLANG_WARN_EMPTY_BODY = YES;
				CLANG_WARN_ENUM_CONVERSION = YES;
				CLANG_WARN_INFINITE_RECURSION = YES;
				CLANG_WARN_INT_CONVERSION = YES;
				CLANG_WARN_NON_LITERAL_NULL_CONVERSION = YES;
				CLANG_WARN_OBJC_IMPLICIT_RETAIN_SELF = YES;
				CLANG_WARN_OBJC_LITERAL_CONVERSION = YES;
				CLANG_WARN_OBJC_ROOT_CLASS = YES_ERROR;
				CLANG_WARN_QUOTED_INCLUDE_IN_FRAMEWORK_HEADER = YES;
				CLANG_WARN_RANGE_LOOP_ANALYSIS = YES;
				CLANG_WARN_STRICT_PROTOTYPES = YES;
				CLANG_WARN_SUSPICIOUS_MOVE = YES;
				CLANG_WARN_UNGUARDED_AVAILABILITY = YES_AGGRESSIVE;
				CLANG_WARN_UNREACHABLE_CODE = YES;
				CLANG_WARN__DUPLICATE_METHOD_MATCH = YES;
				COPY_PHASE_STRIP = NO;
				DEBUG_INFORMATION_FORMAT = dwarf;
				ENABLE_STRICT_OBJC_MSGSEND = YES;
				ENABLE_TESTABILITY = YES;
				GCC_C_LANGUAGE_STANDARD = gnu11;
				GCC_DYNAMIC_NO_PIC = NO;
				GCC_NO_COMMON_BLOCKS = YES;
				GCC_OPTIMIZATION_LEVEL = 0;
				GCC_PREPROCESSOR_DEFINITIONS = (
					"DEBUG=1",
					"$(inherited)",
				);
				GCC_WARN_64_TO_32_BIT_CONVERSION = YES;
				GCC_WARN_ABOUT_RETURN_TYPE = YES_ERROR;
				GCC_WARN_UNDECLARED_SELECTOR = YES;
				GCC_WARN_UNINITIALIZED_AUTOS = YES_AGGRESSIVE;
				GCC_WARN_UNUSED_FUNCTION = YES;
				GCC_WARN_UNUSED_VARIABLE = YES;
				MACOSX_DEPLOYMENT_TARGET = 11.3;
				MTL_ENABLE_DEBUG_INFO = INCLUDE_SOURCE;
				MTL_FAST_MATH = YES;
				ONLY_ACTIVE_ARCH = YES;
				SDKROOT = macosx;
				SWIFT_ACTIVE_COMPILATION_CONDITIONS = DEBUG;
				SWIFT_OPTIMIZATION_LEVEL = "-Onone";
			};
			name = Debug;
		};
		DED928422710F9C90058C961 /* Release */ = {
			isa = XCBuildConfiguration;
			buildSettings = {
				ALWAYS_SEARCH_USER_PATHS = NO;
				CLANG_ANALYZER_NONNULL = YES;
				CLANG_ANALYZER_NUMBER_OBJECT_CONVERSION = YES_AGGRESSIVE;
				CLANG_CXX_LANGUAGE_STANDARD = "gnu++17";
				CLANG_CXX_LIBRARY = "libc++";
				CLANG_ENABLE_MODULES = YES;
				CLANG_ENABLE_OBJC_ARC = YES;
				CLANG_ENABLE_OBJC_WEAK = YES;
				CLANG_WARN_BLOCK_CAPTURE_AUTORELEASING = YES;
				CLANG_WARN_BOOL_CONVERSION = YES;
				CLANG_WARN_COMMA = YES;
				CLANG_WARN_CONSTANT_CONVERSION = YES;
				CLANG_WARN_DEPRECATED_OBJC_IMPLEMENTATIONS = YES;
				CLANG_WARN_DIRECT_OBJC_ISA_USAGE = YES_ERROR;
				CLANG_WARN_DOCUMENTATION_COMMENTS = YES;
				CLANG_WARN_EMPTY_BODY = YES;
				CLANG_WARN_ENUM_CONVERSION = YES;
				CLANG_WARN_INFINITE_RECURSION = YES;
				CLANG_WARN_INT_CONVERSION = YES;
				CLANG_WARN_NON_LITERAL_NULL_CONVERSION = YES;
				CLANG_WARN_OBJC_IMPLICIT_RETAIN_SELF = YES;
				CLANG_WARN_OBJC_LITERAL_CONVERSION = YES;
				CLANG_WARN_OBJC_ROOT_CLASS = YES_ERROR;
				CLANG_WARN_QUOTED_INCLUDE_IN_FRAMEWORK_HEADER = YES;
				CLANG_WARN_RANGE_LOOP_ANALYSIS = YES;
				CLANG_WARN_STRICT_PROTOTYPES = YES;
				CLANG_WARN_SUSPICIOUS_MOVE = YES;
				CLANG_WARN_UNGUARDED_AVAILABILITY = YES_AGGRESSIVE;
				CLANG_WARN_UNREACHABLE_CODE = YES;
				CLANG_WARN__DUPLICATE_METHOD_MATCH = YES;
				COPY_PHASE_STRIP = NO;
				DEBUG_INFORMATION_FORMAT = "dwarf-with-dsym";
				ENABLE_NS_ASSERTIONS = NO;
				ENABLE_STRICT_OBJC_MSGSEND = YES;
				GCC_C_LANGUAGE_STANDARD = gnu11;
				GCC_NO_COMMON_BLOCKS = YES;
				GCC_WARN_64_TO_32_BIT_CONVERSION = YES;
				GCC_WARN_ABOUT_RETURN_TYPE = YES_ERROR;
				GCC_WARN_UNDECLARED_SELECTOR = YES;
				GCC_WARN_UNINITIALIZED_AUTOS = YES_AGGRESSIVE;
				GCC_WARN_UNUSED_FUNCTION = YES;
				GCC_WARN_UNUSED_VARIABLE = YES;
				MACOSX_DEPLOYMENT_TARGET = 11.3;
				MTL_ENABLE_DEBUG_INFO = NO;
				MTL_FAST_MATH = YES;
				SDKROOT = macosx;
				SWIFT_COMPILATION_MODE = wholemodule;
				SWIFT_OPTIMIZATION_LEVEL = "-O";
			};
			name = Release;
		};
		DED928442710F9C90058C961 /* Debug */ = {
			isa = XCBuildConfiguration;
			buildSettings = {
				ALWAYS_EMBED_SWIFT_STANDARD_LIBRARIES = YES;
				ASSETCATALOG_COMPILER_APPICON_NAME = AppIcon;
				ASSETCATALOG_COMPILER_GLOBAL_ACCENT_COLOR_NAME = AccentColor;
				CODE_SIGN_ENTITLEMENTS = BoxFinder/BoxFinder.entitlements;
				CODE_SIGN_IDENTITY = "Apple Development";
				CODE_SIGN_STYLE = Automatic;
				COMBINE_HIDPI_IMAGES = YES;
				CURRENT_PROJECT_VERSION = 1;
				DEVELOPMENT_ASSET_PATHS = "\"BoxFinder/Preview Content\"";
				DEVELOPMENT_TEAM = AU9T7HA2AB;
				ENABLE_HARDENED_RUNTIME = YES;
				ENABLE_PREVIEWS = YES;
				GENERATE_INFOPLIST_FILE = YES;
				INFOPLIST_FILE = BoxFinder/Info.plist;
				INFOPLIST_KEY_LSApplicationCategoryType = "public.app-category.productivity";
				INFOPLIST_KEY_NSHumanReadableCopyright = "";
				LD_RUNPATH_SEARCH_PATHS = (
					"$(inherited)",
					"@executable_path/../Frameworks",
				);
				MACOSX_DEPLOYMENT_TARGET = 11.0;
				MARKETING_VERSION = 0.4;
				PRODUCT_BUNDLE_IDENTIFIER = com.romainpenchenat.BoxFinder;
				PRODUCT_NAME = "$(TARGET_NAME)";
				SWIFT_EMIT_LOC_STRINGS = YES;
				SWIFT_VERSION = 5.0;
			};
			name = Debug;
		};
		DED928452710F9C90058C961 /* Release */ = {
			isa = XCBuildConfiguration;
			buildSettings = {
				ALWAYS_EMBED_SWIFT_STANDARD_LIBRARIES = YES;
				ASSETCATALOG_COMPILER_APPICON_NAME = AppIcon;
				ASSETCATALOG_COMPILER_GLOBAL_ACCENT_COLOR_NAME = AccentColor;
				CODE_SIGN_ENTITLEMENTS = BoxFinder/BoxFinder.entitlements;
				CODE_SIGN_IDENTITY = "Apple Development";
				CODE_SIGN_STYLE = Automatic;
				COMBINE_HIDPI_IMAGES = YES;
				CURRENT_PROJECT_VERSION = 1;
				DEVELOPMENT_ASSET_PATHS = "\"BoxFinder/Preview Content\"";
				DEVELOPMENT_TEAM = AU9T7HA2AB;
				ENABLE_HARDENED_RUNTIME = YES;
				ENABLE_PREVIEWS = YES;
				GENERATE_INFOPLIST_FILE = YES;
				INFOPLIST_FILE = BoxFinder/Info.plist;
				INFOPLIST_KEY_LSApplicationCategoryType = "public.app-category.productivity";
				INFOPLIST_KEY_NSHumanReadableCopyright = "";
				LD_RUNPATH_SEARCH_PATHS = (
					"$(inherited)",
					"@executable_path/../Frameworks",
				);
				MACOSX_DEPLOYMENT_TARGET = 11.0;
				MARKETING_VERSION = 0.4;
				PRODUCT_BUNDLE_IDENTIFIER = com.romainpenchenat.BoxFinder;
				PRODUCT_NAME = "$(TARGET_NAME)";
				SWIFT_EMIT_LOC_STRINGS = YES;
				SWIFT_VERSION = 5.0;
			};
			name = Release;
		};
		DEDF503B2721429800BEC10A /* Debug */ = {
			isa = XCBuildConfiguration;
			buildSettings = {
				CODE_SIGN_ENTITLEMENTS = "BoxFinder Web Embed/BoxFinder_Web_Embed.entitlements";
				CODE_SIGN_IDENTITY = "Apple Development";
				CODE_SIGN_STYLE = Automatic;
				COMBINE_HIDPI_IMAGES = YES;
				CURRENT_PROJECT_VERSION = 1;
				DEVELOPMENT_TEAM = AU9T7HA2AB;
				ENABLE_HARDENED_RUNTIME = YES;
				GENERATE_INFOPLIST_FILE = YES;
				INFOPLIST_FILE = "BoxFinder Web Embed/Info.plist";
				INFOPLIST_KEY_CFBundleDisplayName = "BoxFinder Web Embed";
				INFOPLIST_KEY_NSHumanReadableCopyright = "";
				LD_RUNPATH_SEARCH_PATHS = (
					"$(inherited)",
					"@executable_path/../Frameworks",
					"@executable_path/../../../../Frameworks",
				);
				MARKETING_VERSION = 0.4;
				PRODUCT_BUNDLE_IDENTIFIER = "com.romainpenchenat.BoxFinder.BoxFinder-Web-Embed";
				PRODUCT_NAME = "$(TARGET_NAME)";
				SKIP_INSTALL = YES;
				SWIFT_EMIT_LOC_STRINGS = YES;
				SWIFT_VERSION = 5.0;
			};
			name = Debug;
		};
		DEDF503C2721429800BEC10A /* Release */ = {
			isa = XCBuildConfiguration;
			buildSettings = {
				CODE_SIGN_ENTITLEMENTS = "BoxFinder Web Embed/BoxFinder_Web_Embed.entitlements";
				CODE_SIGN_IDENTITY = "Apple Development";
				CODE_SIGN_STYLE = Automatic;
				COMBINE_HIDPI_IMAGES = YES;
				CURRENT_PROJECT_VERSION = 1;
				DEVELOPMENT_TEAM = AU9T7HA2AB;
				ENABLE_HARDENED_RUNTIME = YES;
				GENERATE_INFOPLIST_FILE = YES;
				INFOPLIST_FILE = "BoxFinder Web Embed/Info.plist";
				INFOPLIST_KEY_CFBundleDisplayName = "BoxFinder Web Embed";
				INFOPLIST_KEY_NSHumanReadableCopyright = "";
				LD_RUNPATH_SEARCH_PATHS = (
					"$(inherited)",
					"@executable_path/../Frameworks",
					"@executable_path/../../../../Frameworks",
				);
				MARKETING_VERSION = 0.4;
				PRODUCT_BUNDLE_IDENTIFIER = "com.romainpenchenat.BoxFinder.BoxFinder-Web-Embed";
				PRODUCT_NAME = "$(TARGET_NAME)";
				SKIP_INSTALL = YES;
				SWIFT_EMIT_LOC_STRINGS = YES;
				SWIFT_VERSION = 5.0;
			};
			name = Release;
		};
/* End XCBuildConfiguration section */

/* Begin XCConfigurationList section */
		DE1AFCC8271A172F00F1BE01 /* Build configuration list for PBXNativeTarget "BoxFinderLauncher" */ = {
			isa = XCConfigurationList;
			buildConfigurations = (
				DE1AFCC9271A172F00F1BE01 /* Debug */,
				DE1AFCCA271A172F00F1BE01 /* Release */,
			);
			defaultConfigurationIsVisible = 0;
			defaultConfigurationName = Release;
		};
		DED8B9B92721F9AD0015DA1C /* Build configuration list for PBXNativeTarget "BoxFinder Link" */ = {
			isa = XCConfigurationList;
			buildConfigurations = (
				DED8B9BA2721F9AD0015DA1C /* Debug */,
				DED8B9BB2721F9AD0015DA1C /* Release */,
			);
			defaultConfigurationIsVisible = 0;
			defaultConfigurationName = Release;
		};
		DED9282F2710F9C70058C961 /* Build configuration list for PBXProject "BoxFinder" */ = {
			isa = XCConfigurationList;
			buildConfigurations = (
				DED928412710F9C90058C961 /* Debug */,
				DED928422710F9C90058C961 /* Release */,
			);
			defaultConfigurationIsVisible = 0;
			defaultConfigurationName = Release;
		};
		DED928432710F9C90058C961 /* Build configuration list for PBXNativeTarget "BoxFinder" */ = {
			isa = XCConfigurationList;
			buildConfigurations = (
				DED928442710F9C90058C961 /* Debug */,
				DED928452710F9C90058C961 /* Release */,
			);
			defaultConfigurationIsVisible = 0;
			defaultConfigurationName = Release;
		};
		DEDF503D2721429800BEC10A /* Build configuration list for PBXNativeTarget "BoxFinder Web Embed" */ = {
			isa = XCConfigurationList;
			buildConfigurations = (
				DEDF503B2721429800BEC10A /* Debug */,
				DEDF503C2721429800BEC10A /* Release */,
			);
			defaultConfigurationIsVisible = 0;
			defaultConfigurationName = Release;
		};
/* End XCConfigurationList section */
	};
	rootObject = DED9282C2710F9C70058C961 /* Project object */;
}
